
Microsoft Visual Studio Solution File, Format Version 12.00
# Visual Studio Version 17
VisualStudioVersion = 17.3.32825.248
MinimumVisualStudioVersion = 10.0.40219.1
Project("{9A19103F-16F7-4668-BE54-9A1E7A4F7556}") = "AdventOfCode2022", "AdventOfCode2022\AdventOfCode2022.csproj", "{4E087A2D-1AFE-4538-9C55-C5B8B6DC5018}"
EndProject
Project("{FAE04EC0-301F-11D3-BF4B-00C04F79EFBC}") = "AdventTests", "AdventTests\AdventTests.csproj", "{37861F07-EB4C-41D9-9D2A-62BF8C96F80B}"
EndProject
Global
	GlobalSection(SolutionConfigurationPlatforms) = preSolution
		Debug|Any CPU = Debug|Any CPU
		Release|Any CPU = Release|Any CPU
	EndGlobalSection
	GlobalSection(ProjectConfigurationPlatforms) = postSolution
		{4E087A2D-1AFE-4538-9C55-C5B8B6DC5018}.Debug|Any CPU.ActiveCfg = Debug|Any CPU
		{4E087A2D-1AFE-4538-9C55-C5B8B6DC5018}.Debug|Any CPU.Build.0 = Debug|Any CPU
		{4E087A2D-1AFE-4538-9C55-C5B8B6DC5018}.Release|Any CPU.ActiveCfg = Release|Any CPU
		{4E087A2D-1AFE-4538-9C55-C5B8B6DC5018}.Release|Any CPU.Build.0 = Release|Any CPU
		{37861F07-EB4C-41D9-9D2A-62BF8C96F80B}.Debug|Any CPU.ActiveCfg = Debug|Any CPU
		{37861F07-EB4C-41D9-9D2A-62BF8C96F80B}.Debug|Any CPU.Build.0 = Debug|Any CPU
		{37861F07-EB4C-41D9-9D2A-62BF8C96F80B}.Release|Any CPU.ActiveCfg = Release|Any CPU
		{37861F07-EB4C-41D9-9D2A-62BF8C96F80B}.Release|Any CPU.Build.0 = Release|Any CPU
	EndGlobalSection
	GlobalSection(SolutionProperties) = preSolution
		HideSolutionNode = FALSE
	EndGlobalSection
	GlobalSection(ExtensibilityGlobals) = postSolution
		SolutionGuid = {15F604AD-8FB8-45C2-A78B-EA31939ECB47}
	EndGlobalSection
EndGlobal
